
Microsoft Visual Studio Solution File, Format Version 12.00
# Visual Studio 2012
Project("{FAE04EC0-301F-11D3-BF4B-00C04F79EFBC}") = "DoAn_LTWNC", "DoAn_LTWNC\DoAn_LTWNC.csproj", "{D53DF332-6D6C-406F-8DC7-E824D364CB96}"
EndProject
Project("{FAE04EC0-301F-11D3-BF4B-00C04F79EFBC}") = "control_user_pass", "control_user_pass\control_user_pass.csproj", "{BCD98E59-07D9-4A99-A90F-03AB23DCCA13}"
EndProject
Project("{FAE04EC0-301F-11D3-BF4B-00C04F79EFBC}") = "control_UDI", "control_UDI\control_UDI.csproj", "{9159C8D3-A3EC-4E82-934E-6F4F6C1E2BA1}"
EndProject
Project("{FAE04EC0-301F-11D3-BF4B-00C04F79EFBC}") = "control_NguoiDung", "control_NguoiDung\control_NguoiDung.csproj", "{7267AEE8-AF0D-48EA-A848-DF8E7BFE5CF9}"
EndProject
Global
	GlobalSection(SolutionConfigurationPlatforms) = preSolution
		Debug|Any CPU = Debug|Any CPU
		Release|Any CPU = Release|Any CPU
	EndGlobalSection
	GlobalSection(ProjectConfigurationPlatforms) = postSolution
		{D53DF332-6D6C-406F-8DC7-E824D364CB96}.Debug|Any CPU.ActiveCfg = Debug|Any CPU
		{D53DF332-6D6C-406F-8DC7-E824D364CB96}.Debug|Any CPU.Build.0 = Debug|Any CPU
		{D53DF332-6D6C-406F-8DC7-E824D364CB96}.Release|Any CPU.ActiveCfg = Release|Any CPU
		{D53DF332-6D6C-406F-8DC7-E824D364CB96}.Release|Any CPU.Build.0 = Release|Any CPU
		{BCD98E59-07D9-4A99-A90F-03AB23DCCA13}.Debug|Any CPU.ActiveCfg = Debug|Any CPU
		{BCD98E59-07D9-4A99-A90F-03AB23DCCA13}.Debug|Any CPU.Build.0 = Debug|Any CPU
		{BCD98E59-07D9-4A99-A90F-03AB23DCCA13}.Release|Any CPU.ActiveCfg = Release|Any CPU
		{BCD98E59-07D9-4A99-A90F-03AB23DCCA13}.Release|Any CPU.Build.0 = Release|Any CPU
		{9159C8D3-A3EC-4E82-934E-6F4F6C1E2BA1}.Debug|Any CPU.ActiveCfg = Debug|Any CPU
		{9159C8D3-A3EC-4E82-934E-6F4F6C1E2BA1}.Debug|Any CPU.Build.0 = Debug|Any CPU
		{9159C8D3-A3EC-4E82-934E-6F4F6C1E2BA1}.Release|Any CPU.ActiveCfg = Release|Any CPU
		{9159C8D3-A3EC-4E82-934E-6F4F6C1E2BA1}.Release|Any CPU.Build.0 = Release|Any CPU
		{7267AEE8-AF0D-48EA-A848-DF8E7BFE5CF9}.Debug|Any CPU.ActiveCfg = Debug|Any CPU
		{7267AEE8-AF0D-48EA-A848-DF8E7BFE5CF9}.Debug|Any CPU.Build.0 = Debug|Any CPU
		{7267AEE8-AF0D-48EA-A848-DF8E7BFE5CF9}.Release|Any CPU.ActiveCfg = Release|Any CPU
		{7267AEE8-AF0D-48EA-A848-DF8E7BFE5CF9}.Release|Any CPU.Build.0 = Release|Any CPU
	EndGlobalSection
	GlobalSection(SolutionProperties) = preSolution
		HideSolutionNode = FALSE
	EndGlobalSection
	GlobalSection(ExtensibilityGlobals) = postSolution
		SolutionGuid = {EE72AB6F-64E0-4F36-8045-A19ACAFAD34E}
	EndGlobalSection
EndGlobal
