
Microsoft Visual Studio Solution File, Format Version 12.00
# Visual Studio Version 16
VisualStudioVersion = 16.0.29215.179
MinimumVisualStudioVersion = 10.0.40219.1
Project("{FAE04EC0-301F-11D3-BF4B-00C04F79EFBC}") = "DoAn_LTWNC", "DoAn_LTWNC\DoAn_LTWNC.csproj", "{D53DF332-6D6C-406F-8DC7-E824D364CB96}"
EndProject
Global
	GlobalSection(SolutionConfigurationPlatforms) = preSolution
		Debug|Any CPU = Debug|Any CPU
		Release|Any CPU = Release|Any CPU
	EndGlobalSection
	GlobalSection(ProjectConfigurationPlatforms) = postSolution
		{D53DF332-6D6C-406F-8DC7-E824D364CB96}.Debug|Any CPU.ActiveCfg = Debug|Any CPU
		{D53DF332-6D6C-406F-8DC7-E824D364CB96}.Debug|Any CPU.Build.0 = Debug|Any CPU
		{D53DF332-6D6C-406F-8DC7-E824D364CB96}.Release|Any CPU.ActiveCfg = Release|Any CPU
		{D53DF332-6D6C-406F-8DC7-E824D364CB96}.Release|Any CPU.Build.0 = Release|Any CPU
	EndGlobalSection
	GlobalSection(SolutionProperties) = preSolution
		HideSolutionNode = FALSE
	EndGlobalSection
	GlobalSection(ExtensibilityGlobals) = postSolution
		SolutionGuid = {EE72AB6F-64E0-4F36-8045-A19ACAFAD34E}
	EndGlobalSection
EndGlobal
